
Microsoft Visual Studio Solution File, Format Version 12.00
# Visual Studio Version 17
VisualStudioVersion = 17.9.34310.174
MinimumVisualStudioVersion = 10.0.40219.1
Project("{9A19103F-16F7-4668-BE54-9A1E7A4F7556}") = "Mapify", "Mapify\Mapify.csproj", "{50D7CEDD-194A-418A-A039-03CDCA84D63C}"
EndProject
Project("{2150E333-8FDC-42A3-9474-1A3956D46DE8}") = "Solution Items", "Solution Items", "{A7D18C25-84BA-4C6E-A5EC-C6C64B1F99E7}"
	ProjectSection(SolutionItems) = preProject
		.github\workflows\publish.yml = .github\workflows\publish.yml
		README.md = README.md
	EndProjectSection
EndProject
Global
	GlobalSection(SolutionConfigurationPlatforms) = preSolution
		Debug|Any CPU = Debug|Any CPU
		Release|Any CPU = Release|Any CPU
	EndGlobalSection
	GlobalSection(ProjectConfigurationPlatforms) = postSolution
		{50D7CEDD-194A-418A-A039-03CDCA84D63C}.Debug|Any CPU.ActiveCfg = Debug|Any CPU
		{50D7CEDD-194A-418A-A039-03CDCA84D63C}.Debug|Any CPU.Build.0 = Debug|Any CPU
		{50D7CEDD-194A-418A-A039-03CDCA84D63C}.Release|Any CPU.ActiveCfg = Release|Any CPU
		{50D7CEDD-194A-418A-A039-03CDCA84D63C}.Release|Any CPU.Build.0 = Release|Any CPU
	EndGlobalSection
	GlobalSection(SolutionProperties) = preSolution
		HideSolutionNode = FALSE
	EndGlobalSection
	GlobalSection(ExtensibilityGlobals) = postSolution
		SolutionGuid = {2ABB582D-5DB0-4FC0-83FB-AFCAA59011A9}
	EndGlobalSection
EndGlobal
